{
  "version": 4,
  "terraform_version": "1.1.7",
  "serial": 77,
  "lineage": "0213f7f6-f768-b2e3-d113-58a2f892b8bd",
  "outputs": {},
  "resources": [
    {
      "module": "module.vpc-network",
      "mode": "data",
      "type": "aws_availability_zones",
      "name": "aws_availability",
      "provider": "provider[\"registry.terraform.io/hashicorp/aws\"]",
      "instances": [
        {
          "schema_version": 0,
          "attributes": {
            "all_availability_zones": null,
            "exclude_names": null,
            "exclude_zone_ids": null,
            "filter": null,
            "group_names": [
              "ap-southeast-1"
            ],
            "id": "ap-southeast-1",
            "names": [
              "ap-southeast-1a",
              "ap-southeast-1b",
              "ap-southeast-1c"
            ],
            "state": null,
            "zone_ids": [
              "apse1-az2",
              "apse1-az1",
              "apse1-az3"
            ]
          },
          "sensitive_attributes": []
        }
      ]
    },
    {
      "module": "module.vpc-network",
      "mode": "managed",
      "type": "aws_internet_gateway",
      "name": "lab_internet_gateway",
      "provider": "provider[\"registry.terraform.io/hashicorp/aws\"]",
      "instances": [
        {
          "schema_version": 0,
          "attributes": {
            "arn": "arn:aws:ec2:ap-southeast-1:404638108583:internet-gateway/igw-076ebd9edd4b7074e",
            "id": "igw-076ebd9edd4b7074e",
            "owner_id": "404638108583",
            "tags": {
              "name": "lab-internet-gateway-stg"
            },
            "tags_all": {
              "name": "lab-internet-gateway-stg"
            },
            "vpc_id": "vpc-01c394d08397d383a"
          },
          "sensitive_attributes": [],
          "private": "bnVsbA==",
          "dependencies": [
            "module.vpc-network.aws_vpc.lab_vpc"
          ]
        }
      ]
    },
    {
      "module": "module.vpc-network",
      "mode": "managed",
      "type": "aws_route_table",
      "name": "lab_route_public",
      "provider": "provider[\"registry.terraform.io/hashicorp/aws\"]",
      "instances": [
        {
          "schema_version": 0,
          "attributes": {
            "arn": "arn:aws:ec2:ap-southeast-1:404638108583:route-table/rtb-03e2dec7f2902ff15",
            "id": "rtb-03e2dec7f2902ff15",
            "owner_id": "404638108583",
            "propagating_vgws": [],
            "route": [
              {
                "carrier_gateway_id": "",
                "cidr_block": "0.0.0.0/0",
                "destination_prefix_list_id": "",
                "egress_only_gateway_id": "",
                "gateway_id": "igw-076ebd9edd4b7074e",
                "instance_id": "",
                "ipv6_cidr_block": "",
                "local_gateway_id": "",
                "nat_gateway_id": "",
                "network_interface_id": "",
                "transit_gateway_id": "",
                "vpc_endpoint_id": "",
                "vpc_peering_connection_id": ""
              }
            ],
            "tags": {
              "name": "lab-route-public-stg"
            },
            "tags_all": {
              "name": "lab-route-public-stg"
            },
            "timeouts": null,
            "vpc_id": "vpc-01c394d08397d383a"
          },
          "sensitive_attributes": [],
          "private": "eyJlMmJmYjczMC1lY2FhLTExZTYtOGY4OC0zNDM2M2JjN2M0YzAiOnsiY3JlYXRlIjozMDAwMDAwMDAwMDAsImRlbGV0ZSI6MzAwMDAwMDAwMDAwLCJ1cGRhdGUiOjEyMDAwMDAwMDAwMH19",
          "dependencies": [
            "module.vpc-network.aws_internet_gateway.lab_internet_gateway",
            "module.vpc-network.aws_vpc.lab_vpc"
          ]
        }
      ]
    },
    {
      "module": "module.vpc-network",
      "mode": "managed",
      "type": "aws_route_table_association",
      "name": "public",
      "provider": "provider[\"registry.terraform.io/hashicorp/aws\"]",
      "instances": [
        {
          "schema_version": 0,
          "attributes": {
            "gateway_id": "",
            "id": "rtbassoc-0d2ad44c9c4930716",
            "route_table_id": "rtb-03e2dec7f2902ff15",
            "subnet_id": "subnet-0f8a1ab483569aef2"
          },
          "sensitive_attributes": [],
          "private": "bnVsbA==",
          "dependencies": [
            "module.vpc-network.aws_internet_gateway.lab_internet_gateway",
            "module.vpc-network.aws_route_table.lab_route_public",
            "module.vpc-network.aws_subnet.lab_subnet_public",
            "module.vpc-network.aws_vpc.lab_vpc"
          ]
        }
      ]
    },
    {
      "module": "module.vpc-network",
      "mode": "managed",
      "type": "aws_subnet",
      "name": "lab_subnet_public",
      "provider": "provider[\"registry.terraform.io/hashicorp/aws\"]",
      "instances": [
        {
          "schema_version": 1,
          "attributes": {
            "arn": "arn:aws:ec2:ap-southeast-1:404638108583:subnet/subnet-0f8a1ab483569aef2",
            "assign_ipv6_address_on_creation": false,
            "availability_zone": "ap-southeast-1a",
            "availability_zone_id": "apse1-az2",
            "cidr_block": "10.0.0.0/20",
            "customer_owned_ipv4_pool": "",
            "enable_dns64": false,
            "enable_resource_name_dns_a_record_on_launch": false,
            "enable_resource_name_dns_aaaa_record_on_launch": false,
            "id": "subnet-0f8a1ab483569aef2",
            "ipv6_cidr_block": "",
            "ipv6_cidr_block_association_id": "",
            "ipv6_native": false,
            "map_customer_owned_ip_on_launch": false,
            "map_public_ip_on_launch": false,
            "outpost_arn": "",
            "owner_id": "404638108583",
            "private_dns_hostname_type_on_launch": "ip-name",
            "tags": {
              "name": "lab-subnet-public-stg"
            },
            "tags_all": {
              "name": "lab-subnet-public-stg"
            },
            "timeouts": null,
            "vpc_id": "vpc-01c394d08397d383a"
          },
          "sensitive_attributes": [],
          "private": "eyJlMmJmYjczMC1lY2FhLTExZTYtOGY4OC0zNDM2M2JjN2M0YzAiOnsiY3JlYXRlIjo2MDAwMDAwMDAwMDAsImRlbGV0ZSI6MTIwMDAwMDAwMDAwMH0sInNjaGVtYV92ZXJzaW9uIjoiMSJ9",
          "dependencies": [
            "module.vpc-network.aws_vpc.lab_vpc"
          ]
        }
      ]
    },
    {
      "module": "module.vpc-network",
      "mode": "managed",
      "type": "aws_vpc",
      "name": "lab_vpc",
      "provider": "provider[\"registry.terraform.io/hashicorp/aws\"]",
      "instances": [
        {
          "schema_version": 1,
          "attributes": {
            "arn": "arn:aws:ec2:ap-southeast-1:404638108583:vpc/vpc-01c394d08397d383a",
            "assign_generated_ipv6_cidr_block": false,
            "cidr_block": "10.0.0.0/16",
            "default_network_acl_id": "acl-01151e009ba5e22b0",
            "default_route_table_id": "rtb-04a60a56925b46c72",
            "default_security_group_id": "sg-0d72ec9d62891545b",
            "dhcp_options_id": "dopt-08c157d8f2083c3d7",
            "enable_classiclink": false,
            "enable_classiclink_dns_support": false,
            "enable_dns_hostnames": false,
            "enable_dns_support": true,
            "id": "vpc-01c394d08397d383a",
            "instance_tenancy": "default",
            "ipv4_ipam_pool_id": null,
            "ipv4_netmask_length": null,
            "ipv6_association_id": "",
            "ipv6_cidr_block": "",
            "ipv6_cidr_block_network_border_group": "",
            "ipv6_ipam_pool_id": "",
            "ipv6_netmask_length": 0,
            "main_route_table_id": "rtb-04a60a56925b46c72",
            "owner_id": "404638108583",
            "tags": {
              "name": "lab-vpc-stg"
            },
            "tags_all": {
              "name": "lab-vpc-stg"
            }
          },
          "sensitive_attributes": [],
          "private": "eyJzY2hlbWFfdmVyc2lvbiI6IjEifQ=="
        }
      ]
    }
  ]
}
